
Microsoft Visual Studio Solution File, Format Version 12.00
# Visual Studio Version 16
VisualStudioVersion = 16.0.33529.622
MinimumVisualStudioVersion = 10.0.40219.1
Project("{FAE04EC0-301F-11D3-BF4B-00C04F79EFBC}") = "Arr01pro", "Array\Arr01pro.csproj", "{0FB2BCAE-F50D-440A-8B71-9EA5871B4762}"
EndProject
Project("{FAE04EC0-301F-11D3-BF4B-00C04F79EFBC}") = "Arr02pro", "Arr2pro\Arr02pro.csproj", "{05103279-3EB8-4A6C-A3C0-8B05166E836E}"
EndProject
Project("{FAE04EC0-301F-11D3-BF4B-00C04F79EFBC}") = "Arr03pro", "Arr3pro\Arr03pro.csproj", "{8C91A08F-3E81-40F8-BB69-CB1646B621C9}"
EndProject
Project("{FAE04EC0-301F-11D3-BF4B-00C04F79EFBC}") = "Arr04pro", "Arr4pro\Arr04pro.csproj", "{91D50A25-57E7-4BB3-A53D-58A7BF6DD428}"
EndProject
Project("{FAE04EC0-301F-11D3-BF4B-00C04F79EFBC}") = "Arr05pro", "Arr5pro\Arr05pro.csproj", "{2151F8D4-6CE1-4F69-A949-F2BA0281D123}"
EndProject
Project("{FAE04EC0-301F-11D3-BF4B-00C04F79EFBC}") = "Arr06pro", "Arr6pro\Arr06pro.csproj", "{7A12496D-A485-420E-93EE-07A580FB17BC}"
EndProject
Project("{FAE04EC0-301F-11D3-BF4B-00C04F79EFBC}") = "Arr07pro", "Arr7pro\Arr07pro.csproj", "{E3BDE71C-284A-4AEA-AE63-0DF76FB6D42E}"
EndProject
Project("{FAE04EC0-301F-11D3-BF4B-00C04F79EFBC}") = "Arr09pro", "Arr9pro\Arr09pro.csproj", "{9D10D66A-F3EB-4698-B9FC-A4B3095F46F2}"
EndProject
Project("{FAE04EC0-301F-11D3-BF4B-00C04F79EFBC}") = "Arr08pro", "Arr8pro\Arr08pro.csproj", "{4C91916B-B641-426F-B9B9-5B4FDD0A0A53}"
EndProject
Project("{FAE04EC0-301F-11D3-BF4B-00C04F79EFBC}") = "Arr10pro", "Arr10pro\Arr10pro.csproj", "{FB5A6194-EECD-4AEF-9419-3A544180E5BE}"
EndProject
Project("{FAE04EC0-301F-11D3-BF4B-00C04F79EFBC}") = "Arr11pro", "Arr11pro\Arr11pro.csproj", "{DA24D765-54DD-4390-B194-F1EE825C8A59}"
EndProject
Project("{FAE04EC0-301F-11D3-BF4B-00C04F79EFBC}") = "Arr12pro", "Arr12pro\Arr12pro.csproj", "{613BA90D-E0A0-4F1B-AE94-FFBA3A2890E6}"
EndProject
Project("{FAE04EC0-301F-11D3-BF4B-00C04F79EFBC}") = "Arr13pro", "Arr13pro\Arr13pro.csproj", "{0BEA5D67-741B-45CB-B349-2CD7880E2453}"
EndProject
Project("{FAE04EC0-301F-11D3-BF4B-00C04F79EFBC}") = "Arr14pro", "Arr14pro\Arr14pro.csproj", "{6C182C93-196A-4697-8E2B-8B2A35CA8028}"
EndProject
Project("{FAE04EC0-301F-11D3-BF4B-00C04F79EFBC}") = "Arr15pro", "Arr15pro\Arr15pro.csproj", "{EE037145-740C-4896-AFC7-D72F2B3B9BAC}"
EndProject
Project("{FAE04EC0-301F-11D3-BF4B-00C04F79EFBC}") = "Arr16pro", "Arr16pro\Arr16pro.csproj", "{E4412413-DAF0-4322-8999-EC4EFD7C3EAE}"
EndProject
Project("{FAE04EC0-301F-11D3-BF4B-00C04F79EFBC}") = "Arr17pro", "Arr17pro\Arr17pro.csproj", "{7EACE139-2B73-4577-830C-66ECF00E1916}"
EndProject
Project("{FAE04EC0-301F-11D3-BF4B-00C04F79EFBC}") = "Arr18pro", "Arr18pro\Arr18pro.csproj", "{2E157251-532E-4F8E-8544-AAE9E175B2CB}"
EndProject
Global
	GlobalSection(SolutionConfigurationPlatforms) = preSolution
		Debug|Any CPU = Debug|Any CPU
		Release|Any CPU = Release|Any CPU
	EndGlobalSection
	GlobalSection(ProjectConfigurationPlatforms) = postSolution
		{0FB2BCAE-F50D-440A-8B71-9EA5871B4762}.Debug|Any CPU.ActiveCfg = Debug|Any CPU
		{0FB2BCAE-F50D-440A-8B71-9EA5871B4762}.Debug|Any CPU.Build.0 = Debug|Any CPU
		{0FB2BCAE-F50D-440A-8B71-9EA5871B4762}.Release|Any CPU.ActiveCfg = Release|Any CPU
		{0FB2BCAE-F50D-440A-8B71-9EA5871B4762}.Release|Any CPU.Build.0 = Release|Any CPU
		{05103279-3EB8-4A6C-A3C0-8B05166E836E}.Debug|Any CPU.ActiveCfg = Debug|Any CPU
		{05103279-3EB8-4A6C-A3C0-8B05166E836E}.Debug|Any CPU.Build.0 = Debug|Any CPU
		{05103279-3EB8-4A6C-A3C0-8B05166E836E}.Release|Any CPU.ActiveCfg = Release|Any CPU
		{05103279-3EB8-4A6C-A3C0-8B05166E836E}.Release|Any CPU.Build.0 = Release|Any CPU
		{8C91A08F-3E81-40F8-BB69-CB1646B621C9}.Debug|Any CPU.ActiveCfg = Debug|Any CPU
		{8C91A08F-3E81-40F8-BB69-CB1646B621C9}.Debug|Any CPU.Build.0 = Debug|Any CPU
		{8C91A08F-3E81-40F8-BB69-CB1646B621C9}.Release|Any CPU.ActiveCfg = Release|Any CPU
		{8C91A08F-3E81-40F8-BB69-CB1646B621C9}.Release|Any CPU.Build.0 = Release|Any CPU
		{91D50A25-57E7-4BB3-A53D-58A7BF6DD428}.Debug|Any CPU.ActiveCfg = Debug|Any CPU
		{91D50A25-57E7-4BB3-A53D-58A7BF6DD428}.Debug|Any CPU.Build.0 = Debug|Any CPU
		{91D50A25-57E7-4BB3-A53D-58A7BF6DD428}.Release|Any CPU.ActiveCfg = Release|Any CPU
		{91D50A25-57E7-4BB3-A53D-58A7BF6DD428}.Release|Any CPU.Build.0 = Release|Any CPU
		{2151F8D4-6CE1-4F69-A949-F2BA0281D123}.Debug|Any CPU.ActiveCfg = Debug|Any CPU
		{2151F8D4-6CE1-4F69-A949-F2BA0281D123}.Debug|Any CPU.Build.0 = Debug|Any CPU
		{2151F8D4-6CE1-4F69-A949-F2BA0281D123}.Release|Any CPU.ActiveCfg = Release|Any CPU
		{2151F8D4-6CE1-4F69-A949-F2BA0281D123}.Release|Any CPU.Build.0 = Release|Any CPU
		{7A12496D-A485-420E-93EE-07A580FB17BC}.Debug|Any CPU.ActiveCfg = Debug|Any CPU
		{7A12496D-A485-420E-93EE-07A580FB17BC}.Debug|Any CPU.Build.0 = Debug|Any CPU
		{7A12496D-A485-420E-93EE-07A580FB17BC}.Release|Any CPU.ActiveCfg = Release|Any CPU
		{7A12496D-A485-420E-93EE-07A580FB17BC}.Release|Any CPU.Build.0 = Release|Any CPU
		{E3BDE71C-284A-4AEA-AE63-0DF76FB6D42E}.Debug|Any CPU.ActiveCfg = Debug|Any CPU
		{E3BDE71C-284A-4AEA-AE63-0DF76FB6D42E}.Debug|Any CPU.Build.0 = Debug|Any CPU
		{E3BDE71C-284A-4AEA-AE63-0DF76FB6D42E}.Release|Any CPU.ActiveCfg = Release|Any CPU
		{E3BDE71C-284A-4AEA-AE63-0DF76FB6D42E}.Release|Any CPU.Build.0 = Release|Any CPU
		{9D10D66A-F3EB-4698-B9FC-A4B3095F46F2}.Debug|Any CPU.ActiveCfg = Debug|Any CPU
		{9D10D66A-F3EB-4698-B9FC-A4B3095F46F2}.Debug|Any CPU.Build.0 = Debug|Any CPU
		{9D10D66A-F3EB-4698-B9FC-A4B3095F46F2}.Release|Any CPU.ActiveCfg = Release|Any CPU
		{9D10D66A-F3EB-4698-B9FC-A4B3095F46F2}.Release|Any CPU.Build.0 = Release|Any CPU
		{4C91916B-B641-426F-B9B9-5B4FDD0A0A53}.Debug|Any CPU.ActiveCfg = Debug|Any CPU
		{4C91916B-B641-426F-B9B9-5B4FDD0A0A53}.Debug|Any CPU.Build.0 = Debug|Any CPU
		{4C91916B-B641-426F-B9B9-5B4FDD0A0A53}.Release|Any CPU.ActiveCfg = Release|Any CPU
		{4C91916B-B641-426F-B9B9-5B4FDD0A0A53}.Release|Any CPU.Build.0 = Release|Any CPU
		{FB5A6194-EECD-4AEF-9419-3A544180E5BE}.Debug|Any CPU.ActiveCfg = Debug|Any CPU
		{FB5A6194-EECD-4AEF-9419-3A544180E5BE}.Debug|Any CPU.Build.0 = Debug|Any CPU
		{FB5A6194-EECD-4AEF-9419-3A544180E5BE}.Release|Any CPU.ActiveCfg = Release|Any CPU
		{FB5A6194-EECD-4AEF-9419-3A544180E5BE}.Release|Any CPU.Build.0 = Release|Any CPU
		{DA24D765-54DD-4390-B194-F1EE825C8A59}.Debug|Any CPU.ActiveCfg = Debug|Any CPU
		{DA24D765-54DD-4390-B194-F1EE825C8A59}.Debug|Any CPU.Build.0 = Debug|Any CPU
		{DA24D765-54DD-4390-B194-F1EE825C8A59}.Release|Any CPU.ActiveCfg = Release|Any CPU
		{DA24D765-54DD-4390-B194-F1EE825C8A59}.Release|Any CPU.Build.0 = Release|Any CPU
		{613BA90D-E0A0-4F1B-AE94-FFBA3A2890E6}.Debug|Any CPU.ActiveCfg = Debug|Any CPU
		{613BA90D-E0A0-4F1B-AE94-FFBA3A2890E6}.Debug|Any CPU.Build.0 = Debug|Any CPU
		{613BA90D-E0A0-4F1B-AE94-FFBA3A2890E6}.Release|Any CPU.ActiveCfg = Release|Any CPU
		{613BA90D-E0A0-4F1B-AE94-FFBA3A2890E6}.Release|Any CPU.Build.0 = Release|Any CPU
		{0BEA5D67-741B-45CB-B349-2CD7880E2453}.Debug|Any CPU.ActiveCfg = Debug|Any CPU
		{0BEA5D67-741B-45CB-B349-2CD7880E2453}.Debug|Any CPU.Build.0 = Debug|Any CPU
		{0BEA5D67-741B-45CB-B349-2CD7880E2453}.Release|Any CPU.ActiveCfg = Release|Any CPU
		{0BEA5D67-741B-45CB-B349-2CD7880E2453}.Release|Any CPU.Build.0 = Release|Any CPU
		{6C182C93-196A-4697-8E2B-8B2A35CA8028}.Debug|Any CPU.ActiveCfg = Debug|Any CPU
		{6C182C93-196A-4697-8E2B-8B2A35CA8028}.Debug|Any CPU.Build.0 = Debug|Any CPU
		{6C182C93-196A-4697-8E2B-8B2A35CA8028}.Release|Any CPU.ActiveCfg = Release|Any CPU
		{6C182C93-196A-4697-8E2B-8B2A35CA8028}.Release|Any CPU.Build.0 = Release|Any CPU
		{EE037145-740C-4896-AFC7-D72F2B3B9BAC}.Debug|Any CPU.ActiveCfg = Debug|Any CPU
		{EE037145-740C-4896-AFC7-D72F2B3B9BAC}.Debug|Any CPU.Build.0 = Debug|Any CPU
		{EE037145-740C-4896-AFC7-D72F2B3B9BAC}.Release|Any CPU.ActiveCfg = Release|Any CPU
		{EE037145-740C-4896-AFC7-D72F2B3B9BAC}.Release|Any CPU.Build.0 = Release|Any CPU
		{E4412413-DAF0-4322-8999-EC4EFD7C3EAE}.Debug|Any CPU.ActiveCfg = Debug|Any CPU
		{E4412413-DAF0-4322-8999-EC4EFD7C3EAE}.Debug|Any CPU.Build.0 = Debug|Any CPU
		{E4412413-DAF0-4322-8999-EC4EFD7C3EAE}.Release|Any CPU.ActiveCfg = Release|Any CPU
		{E4412413-DAF0-4322-8999-EC4EFD7C3EAE}.Release|Any CPU.Build.0 = Release|Any CPU
		{7EACE139-2B73-4577-830C-66ECF00E1916}.Debug|Any CPU.ActiveCfg = Debug|Any CPU
		{7EACE139-2B73-4577-830C-66ECF00E1916}.Debug|Any CPU.Build.0 = Debug|Any CPU
		{7EACE139-2B73-4577-830C-66ECF00E1916}.Release|Any CPU.ActiveCfg = Release|Any CPU
		{7EACE139-2B73-4577-830C-66ECF00E1916}.Release|Any CPU.Build.0 = Release|Any CPU
		{2E157251-532E-4F8E-8544-AAE9E175B2CB}.Debug|Any CPU.ActiveCfg = Debug|Any CPU
		{2E157251-532E-4F8E-8544-AAE9E175B2CB}.Debug|Any CPU.Build.0 = Debug|Any CPU
		{2E157251-532E-4F8E-8544-AAE9E175B2CB}.Release|Any CPU.ActiveCfg = Release|Any CPU
		{2E157251-532E-4F8E-8544-AAE9E175B2CB}.Release|Any CPU.Build.0 = Release|Any CPU
	EndGlobalSection
	GlobalSection(SolutionProperties) = preSolution
		HideSolutionNode = FALSE
	EndGlobalSection
	GlobalSection(ExtensibilityGlobals) = postSolution
		SolutionGuid = {49D2E353-A953-4494-9FA9-503174F58AE6}
	EndGlobalSection
EndGlobal
